Microsoft Visual Studio Solution File, Format Version 12.00
# Visual Studio Version 17
VisualStudioVersion = 17.0.31903.59
MinimumVisualStudioVersion = 10.0.40219.1
Project("{9A19103F-16F7-4668-BE54-9A1E7A4F7556}") = "TradingSimulator", "TradingSimulator\TradingSimulator.csproj", "{A1B2C3D4-E5F6-7890-ABCD-EF1234567890}"
EndProject
Project("{9A19103F-16F7-4668-BE54-9A1E7A4F7556}") = "JsonFormatter.Plugin", "JsonFormatter.Plugin\JsonFormatter.Plugin.csproj", "{95C074C1-0069-4801-AFDB-82697F2C95EE}"
EndProject
Project("{9A19103F-16F7-4668-BE54-9A1E7A4F7556}") = "CsvFormatter.Plugin", "CsvFormatter.Plugin\CsvFormatter.Plugin.csproj", "{37B2768B-C81C-4C9B-8499-0CE8802B29CD}"
EndProject
Project("{9A19103F-16F7-4668-BE54-9A1E7A4F7556}") = "SignalRClient", "SignalRClient\SignalRClient.csproj", "{A3B5CC6F-0A1C-4367-9D5D-CBA56EA7A39B}"
EndProject
Project("{9A19103F-16F7-4668-BE54-9A1E7A4F7556}") = "TcpClient", "TcpClient\TcpClient.csproj", "{3E0995F8-7E28-4537-90E6-68AC9AA6B162}"
EndProject
Project("{9A19103F-16F7-4668-BE54-9A1E7A4F7556}") = "TradingSimulator.Tests", "TradingSimulator.Tests\TradingSimulator.Tests.csproj", "{A773D811-E898-45B2-926B-A1F6076D0CF3}"
EndProject
Global
	GlobalSection(SolutionConfigurationPlatforms) = preSolution
		Debug|Any CPU = Debug|Any CPU
		Release|Any CPU = Release|Any CPU
	EndGlobalSection
	GlobalSection(ProjectConfigurationPlatforms) = postSolution
		{A1B2C3D4-E5F6-7890-ABCD-EF1234567890}.Debug|Any CPU.ActiveCfg = Debug|Any CPU
		{A1B2C3D4-E5F6-7890-ABCD-EF1234567890}.Debug|Any CPU.Build.0 = Debug|Any CPU
		{A1B2C3D4-E5F6-7890-ABCD-EF1234567890}.Release|Any CPU.ActiveCfg = Release|Any CPU
		{A1B2C3D4-E5F6-7890-ABCD-EF1234567890}.Release|Any CPU.Build.0 = Release|Any CPU
		{95C074C1-0069-4801-AFDB-82697F2C95EE}.Debug|Any CPU.ActiveCfg = Debug|Any CPU
		{95C074C1-0069-4801-AFDB-82697F2C95EE}.Debug|Any CPU.Build.0 = Debug|Any CPU
		{95C074C1-0069-4801-AFDB-82697F2C95EE}.Release|Any CPU.ActiveCfg = Release|Any CPU
		{95C074C1-0069-4801-AFDB-82697F2C95EE}.Release|Any CPU.Build.0 = Release|Any CPU
		{37B2768B-C81C-4C9B-8499-0CE8802B29CD}.Debug|Any CPU.ActiveCfg = Debug|Any CPU
		{37B2768B-C81C-4C9B-8499-0CE8802B29CD}.Debug|Any CPU.Build.0 = Debug|Any CPU
		{37B2768B-C81C-4C9B-8499-0CE8802B29CD}.Release|Any CPU.ActiveCfg = Release|Any CPU
		{37B2768B-C81C-4C9B-8499-0CE8802B29CD}.Release|Any CPU.Build.0 = Release|Any CPU
		{A3B5CC6F-0A1C-4367-9D5D-CBA56EA7A39B}.Debug|Any CPU.ActiveCfg = Debug|Any CPU
		{A3B5CC6F-0A1C-4367-9D5D-CBA56EA7A39B}.Debug|Any CPU.Build.0 = Debug|Any CPU
		{A3B5CC6F-0A1C-4367-9D5D-CBA56EA7A39B}.Release|Any CPU.ActiveCfg = Release|Any CPU
		{A3B5CC6F-0A1C-4367-9D5D-CBA56EA7A39B}.Release|Any CPU.Build.0 = Release|Any CPU
		{3E0995F8-7E28-4537-90E6-68AC9AA6B162}.Debug|Any CPU.ActiveCfg = Debug|Any CPU
		{3E0995F8-7E28-4537-90E6-68AC9AA6B162}.Debug|Any CPU.Build.0 = Debug|Any CPU
		{3E0995F8-7E28-4537-90E6-68AC9AA6B162}.Release|Any CPU.ActiveCfg = Release|Any CPU
		{3E0995F8-7E28-4537-90E6-68AC9AA6B162}.Release|Any CPU.Build.0 = Release|Any CPU
		{A773D811-E898-45B2-926B-A1F6076D0CF3}.Debug|Any CPU.ActiveCfg = Debug|Any CPU
		{A773D811-E898-45B2-926B-A1F6076D0CF3}.Debug|Any CPU.Build.0 = Debug|Any CPU
		{A773D811-E898-45B2-926B-A1F6076D0CF3}.Release|Any CPU.ActiveCfg = Release|Any CPU
		{A773D811-E898-45B2-926B-A1F6076D0CF3}.Release|Any CPU.Build.0 = Release|Any CPU
	EndGlobalSection
	GlobalSection(SolutionProperties) = preSolution
		HideSolutionNode = FALSE
	EndGlobalSection
	GlobalSection(ExtensibilityGlobals) = postSolution
		SolutionGuid = {0DAF126C-B742-48C7-8770-FB2A241C0322}
	EndGlobalSection
EndGlobal
